
Microsoft Visual Studio Solution File, Format Version 12.00
# Visual Studio Version 17
VisualStudioVersion = 17.11.35312.102
MinimumVisualStudioVersion = 10.0.40219.1
Project("{888888A0-9F3D-457C-B088-3A5042F75D52}") = "calculator", "calculator.pyproj", "{74281786-0E5A-4294-80E0-C15050FEE6FC}"
EndProject
Global
	GlobalSection(SolutionConfigurationPlatforms) = preSolution
		Debug|Any CPU = Debug|Any CPU
		Release|Any CPU = Release|Any CPU
	EndGlobalSection
	GlobalSection(ProjectConfigurationPlatforms) = postSolution
		{74281786-0E5A-4294-80E0-C15050FEE6FC}.Debug|Any CPU.ActiveCfg = Debug|Any CPU
		{74281786-0E5A-4294-80E0-C15050FEE6FC}.Release|Any CPU.ActiveCfg = Release|Any CPU
	EndGlobalSection
	GlobalSection(SolutionProperties) = preSolution
		HideSolutionNode = FALSE
	EndGlobalSection
	GlobalSection(ExtensibilityGlobals) = postSolution
		SolutionGuid = {71B1C07F-E826-4AC9-9CC3-27D72FD7D2C1}
	EndGlobalSection
EndGlobal
